// !$*UTF8*$!
{
	archiveVersion = 1;
	classes = {
	};
	objectVersion = 55;
	objects = {

/* Begin PBXBuildFile section */
		5E02188128351CC70067B013 /* Tic_tac_toeApp.swift in Sources */ = {isa = PBXBuildFile; fileRef = 5E02188028351CC70067B013 /* Tic_tac_toeApp.swift */; };
		5E02188328351CC70067B013 /* GameView.swift in Sources */ = {isa = PBXBuildFile; fileRef = 5E02188228351CC70067B013 /* GameView.swift */; };
		5E02188528351CCD0067B013 /* Assets.xcassets in Resources */ = {isa = PBXBuildFile; fileRef = 5E02188428351CCD0067B013 /* Assets.xcassets */; };
		5E02188828351CCD0067B013 /* Preview Assets.xcassets in Resources */ = {isa = PBXBuildFile; fileRef = 5E02188728351CCD0067B013 /* Preview Assets.xcassets */; };
		5E02189228351CCD0067B013 /* Tic_tac_toeTests.swift in Sources */ = {isa = PBXBuildFile; fileRef = 5E02189128351CCD0067B013 /* Tic_tac_toeTests.swift */; };
		5E02189C28351CCD0067B013 /* Tic_tac_toeUITests.swift in Sources */ = {isa = PBXBuildFile; fileRef = 5E02189B28351CCD0067B013 /* Tic_tac_toeUITests.swift */; };
		5E02189E28351CCE0067B013 /* Tic_tac_toeUITestsLaunchTests.swift in Sources */ = {isa = PBXBuildFile; fileRef = 5E02189D28351CCE0067B013 /* Tic_tac_toeUITestsLaunchTests.swift */; };
		5E434252283689B800D8CED8 /* Alerts.swift in Sources */ = {isa = PBXBuildFile; fileRef = 5E434251283689B800D8CED8 /* Alerts.swift */; };
		5E4342542844BF1A00D8CED8 /* GameViewModel.swift in Sources */ = {isa = PBXBuildFile; fileRef = 5E4342532844BF1900D8CED8 /* GameViewModel.swift */; };
/* End PBXBuildFile section */

/* Begin PBXContainerItemProxy section */
		5E02188E28351CCD0067B013 /* PBXContainerItemProxy */ = {
			isa = PBXContainerItemProxy;
			containerPortal = 5E02187528351CC70067B013 /* Project object */;
			proxyType = 1;
			remoteGlobalIDString = 5E02187C28351CC70067B013;
			remoteInfo = "Tic-tac-toe";
		};
		5E02189828351CCD0067B013 /* PBXContainerItemProxy */ = {
			isa = PBXContainerItemProxy;
			containerPortal = 5E02187528351CC70067B013 /* Project object */;
			proxyType = 1;
			remoteGlobalIDString = 5E02187C28351CC70067B013;
			remoteInfo = "Tic-tac-toe";
		};
/* End PBXContainerItemProxy section */

/* Begin PBXFileReference section */
		5E02187D28351CC70067B013 /* Tic-tac-toe.app */ = {isa = PBXFileReference; explicitFileType = wrapper.application; includeInIndex = 0; path = "Tic-tac-toe.app"; sourceTree = BUILT_PRODUCTS_DIR; };
		5E02188028351CC70067B013 /* Tic_tac_toeApp.swift */ = {isa = PBXFileReference; lastKnownFileType = sourcecode.swift; path = Tic_tac_toeApp.swift; sourceTree = "<group>"; };
		5E02188228351CC70067B013 /* GameView.swift */ = {isa = PBXFileReference; lastKnownFileType = sourcecode.swift; path = GameView.swift; sourceTree = "<group>"; };
		5E02188428351CCD0067B013 /* Assets.xcassets */ = {isa = PBXFileReference; lastKnownFileType = folder.assetcatalog; path = Assets.xcassets; sourceTree = "<group>"; };
		5E02188728351CCD0067B013 /* Preview Assets.xcassets */ = {isa = PBXFileReference; lastKnownFileType = folder.assetcatalog; path = "Preview Assets.xcassets"; sourceTree = "<group>"; };
		5E02188D28351CCD0067B013 /* Tic-tac-toeTests.xctest */ = {isa = PBXFileReference; explicitFileType = wrapper.cfbundle; includeInIndex = 0; path = "Tic-tac-toeTests.xctest"; sourceTree = BUILT_PRODUCTS_DIR; };
		5E02189128351CCD0067B013 /* Tic_tac_toeTests.swift */ = {isa = PBXFileReference; lastKnownFileType = sourcecode.swift; path = Tic_tac_toeTests.swift; sourceTree = "<group>"; };
		5E02189728351CCD0067B013 /* Tic-tac-toeUITests.xctest */ = {isa = PBXFileReference; explicitFileType = wrapper.cfbundle; includeInIndex = 0; path = "Tic-tac-toeUITests.xctest"; sourceTree = BUILT_PRODUCTS_DIR; };
		5E02189B28351CCD0067B013 /* Tic_tac_toeUITests.swift */ = {isa = PBXFileReference; lastKnownFileType = sourcecode.swift; path = Tic_tac_toeUITests.swift; sourceTree = "<group>"; };
		5E02189D28351CCE0067B013 /* Tic_tac_toeUITestsLaunchTests.swift */ = {isa = PBXFileReference; lastKnownFileType = sourcecode.swift; path = Tic_tac_toeUITestsLaunchTests.swift; sourceTree = "<group>"; };
		5E434251283689B800D8CED8 /* Alerts.swift */ = {isa = PBXFileReference; lastKnownFileType = sourcecode.swift; path = Alerts.swift; sourceTree = "<group>"; };
		5E4342532844BF1900D8CED8 /* GameViewModel.swift */ = {isa = PBXFileReference; lastKnownFileType = sourcecode.swift; path = GameViewModel.swift; sourceTree = "<group>"; };
/* End PBXFileReference section */

/* Begin PBXFrameworksBuildPhase section */
		5E02187A28351CC70067B013 /* Frameworks */ = {
			isa = PBXFrameworksBuildPhase;
			buildActionMask = 2147483647;
			files = (
			);
			runOnlyForDeploymentPostprocessing = 0;
		};
		5E02188A28351CCD0067B013 /* Frameworks */ = {
			isa = PBXFrameworksBuildPhase;
			buildActionMask = 2147483647;
			files = (
			);
			runOnlyForDeploymentPostprocessing = 0;
		};
		5E02189428351CCD0067B013 /* Frameworks */ = {
			isa = PBXFrameworksBuildPhase;
			buildActionMask = 2147483647;
			files = (
			);
			runOnlyForDeploymentPostprocessing = 0;
		};
/* End PBXFrameworksBuildPhase section */

/* Begin PBXGroup section */
		5E02187428351CC70067B013 = {
			isa = PBXGroup;
			children = (
				5E02187F28351CC70067B013 /* Tic-tac-toe */,
				5E02189028351CCD0067B013 /* Tic-tac-toeTests */,
				5E02189A28351CCD0067B013 /* Tic-tac-toeUITests */,
				5E02187E28351CC70067B013 /* Products */,
			);
			sourceTree = "<group>";
		};
		5E02187E28351CC70067B013 /* Products */ = {
			isa = PBXGroup;
			children = (
				5E02187D28351CC70067B013 /* Tic-tac-toe.app */,
				5E02188D28351CCD0067B013 /* Tic-tac-toeTests.xctest */,
				5E02189728351CCD0067B013 /* Tic-tac-toeUITests.xctest */,
			);
			name = Products;
			sourceTree = "<group>";
		};
		5E02187F28351CC70067B013 /* Tic-tac-toe */ = {
			isa = PBXGroup;
			children = (
				5E02188028351CC70067B013 /* Tic_tac_toeApp.swift */,
				5E02188228351CC70067B013 /* GameView.swift */,
				5E4342532844BF1900D8CED8 /* GameViewModel.swift */,
				5E434251283689B800D8CED8 /* Alerts.swift */,
				5E02188428351CCD0067B013 /* Assets.xcassets */,
				5E02188628351CCD0067B013 /* Preview Content */,
			);
			path = "Tic-tac-toe";
			sourceTree = "<group>";
		};
		5E02188628351CCD0067B013 /* Preview Content */ = {
			isa = PBXGroup;
			children = (
				5E02188728351CCD0067B013 /* Preview Assets.xcassets */,
			);
			path = "Preview Content";
			sourceTree = "<group>";
		};
		5E02189028351CCD0067B013 /* Tic-tac-toeTests */ = {
			isa = PBXGroup;
			children = (
				5E02189128351CCD0067B013 /* Tic_tac_toeTests.swift */,
			);
			path = "Tic-tac-toeTests";
			sourceTree = "<group>";
		};
		5E02189A28351CCD0067B013 /* Tic-tac-toeUITests */ = {
			isa = PBXGroup;
			children = (
				5E02189B28351CCD0067B013 /* Tic_tac_toeUITests.swift */,
				5E02189D28351CCE0067B013 /* Tic_tac_toeUITestsLaunchTests.swift */,
			);
			path = "Tic-tac-toeUITests";
			sourceTree = "<group>";
		};
/* End PBXGroup section */

/* Begin PBXNativeTarget section */
		5E02187C28351CC70067B013 /* Tic-tac-toe */ = {
			isa = PBXNativeTarget;
			buildConfigurationList = 5E0218A128351CCE0067B013 /* Build configuration list for PBXNativeTarget "Tic-tac-toe" */;
			buildPhases = (
				5E02187928351CC70067B013 /* Sources */,
				5E02187A28351CC70067B013 /* Frameworks */,
				5E02187B28351CC70067B013 /* Resources */,
			);
			buildRules = (
			);
			dependencies = (
			);
			name = "Tic-tac-toe";
			productName = "Tic-tac-toe";
			productReference = 5E02187D28351CC70067B013 /* Tic-tac-toe.app */;
			productType = "com.apple.product-type.application";
		};
		5E02188C28351CCD0067B013 /* Tic-tac-toeTests */ = {
			isa = PBXNativeTarget;
			buildConfigurationList = 5E0218A428351CCE0067B013 /* Build configuration list for PBXNativeTarget "Tic-tac-toeTests" */;
			buildPhases = (
				5E02188928351CCD0067B013 /* Sources */,
				5E02188A28351CCD0067B013 /* Frameworks */,
				5E02188B28351CCD0067B013 /* Resources */,
			);
			buildRules = (
			);
			dependencies = (
				5E02188F28351CCD0067B013 /* PBXTargetDependency */,
			);
			name = "Tic-tac-toeTests";
			productName = "Tic-tac-toeTests";
			productReference = 5E02188D28351CCD0067B013 /* Tic-tac-toeTests.xctest */;
			productType = "com.apple.product-type.bundle.unit-test";
		};
		5E02189628351CCD0067B013 /* Tic-tac-toeUITests */ = {
			isa = PBXNativeTarget;
			buildConfigurationList = 5E0218A728351CCE0067B013 /* Build configuration list for PBXNativeTarget "Tic-tac-toeUITests" */;
			buildPhases = (
				5E02189328351CCD0067B013 /* Sources */,
				5E02189428351CCD0067B013 /* Frameworks */,
				5E02189528351CCD0067B013 /* Resources */,
			);
			buildRules = (
			);
			dependencies = (
				5E02189928351CCD0067B013 /* PBXTargetDependency */,
			);
			name = "Tic-tac-toeUITests";
			productName = "Tic-tac-toeUITests";
			productReference = 5E02189728351CCD0067B013 /* Tic-tac-toeUITests.xctest */;
			productType = "com.apple.product-type.bundle.ui-testing";
		};
/* End PBXNativeTarget section */

/* Begin PBXProject section */
		5E02187528351CC70067B013 /* Project object */ = {
			isa = PBXProject;
			attributes = {
				BuildIndependentTargetsInParallel = 1;
				LastSwiftUpdateCheck = 1320;
				LastUpgradeCheck = 1320;
				TargetAttributes = {
					5E02187C28351CC70067B013 = {
						CreatedOnToolsVersion = 13.2.1;
					};
					5E02188C28351CCD0067B013 = {
						CreatedOnToolsVersion = 13.2.1;
						TestTargetID = 5E02187C28351CC70067B013;
					};
					5E02189628351CCD0067B013 = {
						CreatedOnToolsVersion = 13.2.1;
						TestTargetID = 5E02187C28351CC70067B013;
					};
				};
			};
			buildConfigurationList = 5E02187828351CC70067B013 /* Build configuration list for PBXProject "Tic-tac-toe" */;
			compatibilityVersion = "Xcode 13.0";
			developmentRegion = en;
			hasScannedForEncodings = 0;
			knownRegions = (
				en,
				Base,
			);
			mainGroup = 5E02187428351CC70067B013;
			productRefGroup = 5E02187E28351CC70067B013 /* Products */;
			projectDirPath = "";
			projectRoot = "";
			targets = (
				5E02187C28351CC70067B013 /* Tic-tac-toe */,
				5E02188C28351CCD0067B013 /* Tic-tac-toeTests */,
				5E02189628351CCD0067B013 /* Tic-tac-toeUITests */,
			);
		};
/* End PBXProject section */

/* Begin PBXResourcesBuildPhase section */
		5E02187B28351CC70067B013 /* Resources */ = {
			isa = PBXResourcesBuildPhase;
			buildActionMask = 2147483647;
			files = (
				5E02188828351CCD0067B013 /* Preview Assets.xcassets in Resources */,
				5E02188528351CCD0067B013 /* Assets.xcassets in Resources */,
			);
			runOnlyForDeploymentPostprocessing = 0;
		};
		5E02188B28351CCD0067B013 /* Resources */ = {
			isa = PBXResourcesBuildPhase;
			buildActionMask = 2147483647;
			files = (
			);
			runOnlyForDeploymentPostprocessing = 0;
		};
		5E02189528351CCD0067B013 /* Resources */ = {
			isa = PBXResourcesBuildPhase;
			buildActionMask = 2147483647;
			files = (
			);
			runOnlyForDeploymentPostprocessing = 0;
		};
/* End PBXResourcesBuildPhase section */

/* Begin PBXSourcesBuildPhase section */
		5E02187928351CC70067B013 /* Sources */ = {
			isa = PBXSourcesBuildPhase;
			buildActionMask = 2147483647;
			files = (
				5E4342542844BF1A00D8CED8 /* GameViewModel.swift in Sources */,
				5E02188328351CC70067B013 /* GameView.swift in Sources */,
				5E434252283689B800D8CED8 /* Alerts.swift in Sources */,
				5E02188128351CC70067B013 /* Tic_tac_toeApp.swift in Sources */,
			);
			runOnlyForDeploymentPostprocessing = 0;
		};
		5E02188928351CCD0067B013 /* Sources */ = {
			isa = PBXSourcesBuildPhase;
			buildActionMask = 2147483647;
			files = (
				5E02189228351CCD0067B013 /* Tic_tac_toeTests.swift in Sources */,
			);
			runOnlyForDeploymentPostprocessing = 0;
		};
		5E02189328351CCD0067B013 /* Sources */ = {
			isa = PBXSourcesBuildPhase;
			buildActionMask = 2147483647;
			files = (
				5E02189C28351CCD0067B013 /* Tic_tac_toeUITests.swift in Sources */,
				5E02189E28351CCE0067B013 /* Tic_tac_toeUITestsLaunchTests.swift in Sources */,
			);
			runOnlyForDeploymentPostprocessing = 0;
		};
/* End PBXSourcesBuildPhase section */

/* Begin PBXTargetDependency section */
		5E02188F28351CCD0067B013 /* PBXTargetDependency */ = {
			isa = PBXTargetDependency;
			target = 5E02187C28351CC70067B013 /* Tic-tac-toe */;
			targetProxy = 5E02188E28351CCD0067B013 /* PBXContainerItemProxy */;
		};
		5E02189928351CCD0067B013 /* PBXTargetDependency */ = {
			isa = PBXTargetDependency;
			target = 5E02187C28351CC70067B013 /* Tic-tac-toe */;
			targetProxy = 5E02189828351CCD0067B013 /* PBXContainerItemProxy */;
		};
/* End PBXTargetDependency section */

/* Begin XCBuildConfiguration section */
		5E02189F28351CCE0067B013 /* Debug */ = {
			isa = XCBuildConfiguration;
			buildSettings = {
				ALWAYS_SEARCH_USER_PATHS = NO;
				CLANG_ANALYZER_NONNULL = YES;
				CLANG_ANALYZER_NUMBER_OBJECT_CONVERSION = YES_AGGRESSIVE;
				CLANG_CXX_LANGUAGE_STANDARD = "gnu++17";
				CLANG_CXX_LIBRARY = "libc++";
				CLANG_ENABLE_MODULES = YES;
				CLANG_ENABLE_OBJC_ARC = YES;
				CLANG_ENABLE_OBJC_WEAK = YES;
				CLANG_WARN_BLOCK_CAPTURE_AUTORELEASING = YES;
				CLANG_WARN_BOOL_CONVERSION = YES;
				CLANG_WARN_COMMA = YES;
				CLANG_WARN_CONSTANT_CONVERSION = YES;
				CLANG_WARN_DEPRECATED_OBJC_IMPLEMENTATIONS = YES;
				CLANG_WARN_DIRECT_OBJC_ISA_USAGE = YES_ERROR;
				CLANG_WARN_DOCUMENTATION_COMMENTS = YES;
				CLANG_WARN_EMPTY_BODY = YES;
				CLANG_WARN_ENUM_CONVERSION = YES;
				CLANG_WARN_INFINITE_RECURSION = YES;
				CLANG_WARN_INT_CONVERSION = YES;
				CLANG_WARN_NON_LITERAL_NULL_CONVERSION = YES;
				CLANG_WARN_OBJC_IMPLICIT_RETAIN_SELF = YES;
				CLANG_WARN_OBJC_LITERAL_CONVERSION = YES;
				CLANG_WARN_OBJC_ROOT_CLASS = YES_ERROR;
				CLANG_WARN_QUOTED_INCLUDE_IN_FRAMEWORK_HEADER = YES;
				CLANG_WARN_RANGE_LOOP_ANALYSIS = YES;
				CLANG_WARN_STRICT_PROTOTYPES = YES;
				CLANG_WARN_SUSPICIOUS_MOVE = YES;
				CLANG_WARN_UNGUARDED_AVAILABILITY = YES_AGGRESSIVE;
				CLANG_WARN_UNREACHABLE_CODE = YES;
				CLANG_WARN__DUPLICATE_METHOD_MATCH = YES;
				COPY_PHASE_STRIP = NO;
				DEBUG_INFORMATION_FORMAT = dwarf;
				ENABLE_STRICT_OBJC_MSGSEND = YES;
				ENABLE_TESTABILITY = YES;
				GCC_C_LANGUAGE_STANDARD = gnu11;
				GCC_DYNAMIC_NO_PIC = NO;
				GCC_NO_COMMON_BLOCKS = YES;
				GCC_OPTIMIZATION_LEVEL = 0;
				GCC_PREPROCESSOR_DEFINITIONS = (
					"DEBUG=1",
					"$(inherited)",
				);
				GCC_WARN_64_TO_32_BIT_CONVERSION = YES;
				GCC_WARN_ABOUT_RETURN_TYPE = YES_ERROR;
				GCC_WARN_UNDECLARED_SELECTOR = YES;
				GCC_WARN_UNINITIALIZED_AUTOS = YES_AGGRESSIVE;
				GCC_WARN_UNUSED_FUNCTION = YES;
				GCC_WARN_UNUSED_VARIABLE = YES;
				IPHONEOS_DEPLOYMENT_TARGET = 15.2;
				MTL_ENABLE_DEBUG_INFO = INCLUDE_SOURCE;
				MTL_FAST_MATH = YES;
				ONLY_ACTIVE_ARCH = YES;
				SDKROOT = iphoneos;
				SWIFT_ACTIVE_COMPILATION_CONDITIONS = DEBUG;
				SWIFT_OPTIMIZATION_LEVEL = "-Onone";
			};
			name = Debug;
		};
		5E0218A028351CCE0067B013 /* Release */ = {
			isa = XCBuildConfiguration;
			buildSettings = {
				ALWAYS_SEARCH_USER_PATHS = NO;
				CLANG_ANALYZER_NONNULL = YES;
				CLANG_ANALYZER_NUMBER_OBJECT_CONVERSION = YES_AGGRESSIVE;
				CLANG_CXX_LANGUAGE_STANDARD = "gnu++17";
				CLANG_CXX_LIBRARY = "libc++";
				CLANG_ENABLE_MODULES = YES;
				CLANG_ENABLE_OBJC_ARC = YES;
				CLANG_ENABLE_OBJC_WEAK = YES;
				CLANG_WARN_BLOCK_CAPTURE_AUTORELEASING = YES;
				CLANG_WARN_BOOL_CONVERSION = YES;
				CLANG_WARN_COMMA = YES;
				CLANG_WARN_CONSTANT_CONVERSION = YES;
				CLANG_WARN_DEPRECATED_OBJC_IMPLEMENTATIONS = YES;
				CLANG_WARN_DIRECT_OBJC_ISA_USAGE = YES_ERROR;
				CLANG_WARN_DOCUMENTATION_COMMENTS = YES;
				CLANG_WARN_EMPTY_BODY = YES;
				CLANG_WARN_ENUM_CONVERSION = YES;
				CLANG_WARN_INFINITE_RECURSION = YES;
				CLANG_WARN_INT_CONVERSION = YES;
				CLANG_WARN_NON_LITERAL_NULL_CONVERSION = YES;
				CLANG_WARN_OBJC_IMPLICIT_RETAIN_SELF = YES;
				CLANG_WARN_OBJC_LITERAL_CONVERSION = YES;
				CLANG_WARN_OBJC_ROOT_CLASS = YES_ERROR;
				CLANG_WARN_QUOTED_INCLUDE_IN_FRAMEWORK_HEADER = YES;
				CLANG_WARN_RANGE_LOOP_ANALYSIS = YES;
				CLANG_WARN_STRICT_PROTOTYPES = YES;
				CLANG_WARN_SUSPICIOUS_MOVE = YES;
				CLANG_WARN_UNGUARDED_AVAILABILITY = YES_AGGRESSIVE;
				CLANG_WARN_UNREACHABLE_CODE = YES;
				CLANG_WARN__DUPLICATE_METHOD_MATCH = YES;
				COPY_PHASE_STRIP = NO;
				DEBUG_INFORMATION_FORMAT = "dwarf-with-dsym";
				ENABLE_NS_ASSERTIONS = NO;
				ENABLE_STRICT_OBJC_MSGSEND = YES;
				GCC_C_LANGUAGE_STANDARD = gnu11;
				GCC_NO_COMMON_BLOCKS = YES;
				GCC_WARN_64_TO_32_BIT_CONVERSION = YES;
				GCC_WARN_ABOUT_RETURN_TYPE = YES_ERROR;
				GCC_WARN_UNDECLARED_SELECTOR = YES;
				GCC_WARN_UNINITIALIZED_AUTOS = YES_AGGRESSIVE;
				GCC_WARN_UNUSED_FUNCTION = YES;
				GCC_WARN_UNUSED_VARIABLE = YES;
				IPHONEOS_DEPLOYMENT_TARGET = 15.2;
				MTL_ENABLE_DEBUG_INFO = NO;
				MTL_FAST_MATH = YES;
				SDKROOT = iphoneos;
				SWIFT_COMPILATION_MODE = wholemodule;
				SWIFT_OPTIMIZATION_LEVEL = "-O";
				VALIDATE_PRODUCT = YES;
			};
			name = Release;
		};
		5E0218A228351CCE0067B013 /* Debug */ = {
			isa = XCBuildConfiguration;
			buildSettings = {
				ASSETCATALOG_COMPILER_APPICON_NAME = AppIcon;
				ASSETCATALOG_COMPILER_GLOBAL_ACCENT_COLOR_NAME = AccentColor;
				CODE_SIGN_STYLE = Automatic;
				CURRENT_PROJECT_VERSION = 1;
				DEVELOPMENT_ASSET_PATHS = "\"Tic-tac-toe/Preview Content\"";
				DEVELOPMENT_TEAM = 99T7X23463;
				ENABLE_PREVIEWS = YES;
				GENERATE_INFOPLIST_FILE = YES;
				INFOPLIST_KEY_UIApplicationSceneManifest_Generation = YES;
				INFOPLIST_KEY_UIApplicationSupportsIndirectInputEvents = YES;
				INFOPLIST_KEY_UILaunchScreen_Generation = YES;
				INFOPLIST_KEY_UISupportedInterfaceOrientations_iPad = "UIInterfaceOrientationPortrait UIInterfaceOrientationPortraitUpsideDown UIInterfaceOrientationLandscapeLeft UIInterfaceOrientationLandscapeRight";
				INFOPLIST_KEY_UISupportedInterfaceOrientations_iPhone = "UIInterfaceOrientationPortrait UIInterfaceOrientationLandscapeLeft UIInterfaceOrientationLandscapeRight";
				LD_RUNPATH_SEARCH_PATHS = (
					"$(inherited)",
					"@executable_path/Frameworks",
				);
				MARKETING_VERSION = 1.0;
				PRODUCT_BUNDLE_IDENTIFIER = "oluwakemi.onajinrin.Tic-tac-toe";
				PRODUCT_NAME = "$(TARGET_NAME)";
				SWIFT_EMIT_LOC_STRINGS = YES;
				SWIFT_VERSION = 5.0;
				TARGETED_DEVICE_FAMILY = "1,2";
			};
			name = Debug;
		};
		5E0218A328351CCE0067B013 /* Release */ = {
			isa = XCBuildConfiguration;
			buildSettings = {
				ASSETCATALOG_COMPILER_APPICON_NAME = AppIcon;
				ASSETCATALOG_COMPILER_GLOBAL_ACCENT_COLOR_NAME = AccentColor;
				CODE_SIGN_STYLE = Automatic;
				CURRENT_PROJECT_VERSION = 1;
				DEVELOPMENT_ASSET_PATHS = "\"Tic-tac-toe/Preview Content\"";
				DEVELOPMENT_TEAM = 99T7X23463;
				ENABLE_PREVIEWS = YES;
				GENERATE_INFOPLIST_FILE = YES;
				INFOPLIST_KEY_UIApplicationSceneManifest_Generation = YES;
				INFOPLIST_KEY_UIApplicationSupportsIndirectInputEvents = YES;
				INFOPLIST_KEY_UILaunchScreen_Generation = YES;
				INFOPLIST_KEY_UISupportedInterfaceOrientations_iPad = "UIInterfaceOrientationPortrait UIInterfaceOrientationPortraitUpsideDown UIInterfaceOrientationLandscapeLeft UIInterfaceOrientationLandscapeRight";
				INFOPLIST_KEY_UISupportedInterfaceOrientations_iPhone = "UIInterfaceOrientationPortrait UIInterfaceOrientationLandscapeLeft UIInterfaceOrientationLandscapeRight";
				LD_RUNPATH_SEARCH_PATHS = (
					"$(inherited)",
					"@executable_path/Frameworks",
				);
				MARKETING_VERSION = 1.0;
				PRODUCT_BUNDLE_IDENTIFIER = "oluwakemi.onajinrin.Tic-tac-toe";
				PRODUCT_NAME = "$(TARGET_NAME)";
				SWIFT_EMIT_LOC_STRINGS = YES;
				SWIFT_VERSION = 5.0;
				TARGETED_DEVICE_FAMILY = "1,2";
			};
			name = Release;
		};
		5E0218A528351CCE0067B013 /* Debug */ = {
			isa = XCBuildConfiguration;
			buildSettings = {
				ALWAYS_EMBED_SWIFT_STANDARD_LIBRARIES = YES;
				BUNDLE_LOADER = "$(TEST_HOST)";
				CODE_SIGN_STYLE = Automatic;
				CURRENT_PROJECT_VERSION = 1;
				DEVELOPMENT_TEAM = 99T7X23463;
				GENERATE_INFOPLIST_FILE = YES;
				IPHONEOS_DEPLOYMENT_TARGET = 15.2;
				MARKETING_VERSION = 1.0;
				PRODUCT_BUNDLE_IDENTIFIER = "oluwakemi.onajinrin.Tic-tac-toeTests";
				PRODUCT_NAME = "$(TARGET_NAME)";
				SWIFT_EMIT_LOC_STRINGS = NO;
				SWIFT_VERSION = 5.0;
				TARGETED_DEVICE_FAMILY = "1,2";
				TEST_HOST = "$(BUILT_PRODUCTS_DIR)/Tic-tac-toe.app/Tic-tac-toe";
			};
			name = Debug;
		};
		5E0218A628351CCE0067B013 /* Release */ = {
			isa = XCBuildConfiguration;
			buildSettings = {
				ALWAYS_EMBED_SWIFT_STANDARD_LIBRARIES = YES;
				BUNDLE_LOADER = "$(TEST_HOST)";
				CODE_SIGN_STYLE = Automatic;
				CURRENT_PROJECT_VERSION = 1;
				DEVELOPMENT_TEAM = 99T7X23463;
				GENERATE_INFOPLIST_FILE = YES;
				IPHONEOS_DEPLOYMENT_TARGET = 15.2;
				MARKETING_VERSION = 1.0;
				PRODUCT_BUNDLE_IDENTIFIER = "oluwakemi.onajinrin.Tic-tac-toeTests";
				PRODUCT_NAME = "$(TARGET_NAME)";
				SWIFT_EMIT_LOC_STRINGS = NO;
				SWIFT_VERSION = 5.0;
				TARGETED_DEVICE_FAMILY = "1,2";
				TEST_HOST = "$(BUILT_PRODUCTS_DIR)/Tic-tac-toe.app/Tic-tac-toe";
			};
			name = Release;
		};
		5E0218A828351CCE0067B013 /* Debug */ = {
			isa = XCBuildConfiguration;
			buildSettings = {
				ALWAYS_EMBED_SWIFT_STANDARD_LIBRARIES = YES;
				CODE_SIGN_STYLE = Automatic;
				CURRENT_PROJECT_VERSION = 1;
				DEVELOPMENT_TEAM = 99T7X23463;
				GENERATE_INFOPLIST_FILE = YES;
				MARKETING_VERSION = 1.0;
				PRODUCT_BUNDLE_IDENTIFIER = "oluwakemi.onajinrin.Tic-tac-toeUITests";
				PRODUCT_NAME = "$(TARGET_NAME)";
				SWIFT_EMIT_LOC_STRINGS = NO;
				SWIFT_VERSION = 5.0;
				TARGETED_DEVICE_FAMILY = "1,2";
				TEST_TARGET_NAME = "Tic-tac-toe";
			};
			name = Debug;
		};
		5E0218A928351CCE0067B013 /* Release */ = {
			isa = XCBuildConfiguration;
			buildSettings = {
				ALWAYS_EMBED_SWIFT_STANDARD_LIBRARIES = YES;
				CODE_SIGN_STYLE = Automatic;
				CURRENT_PROJECT_VERSION = 1;
				DEVELOPMENT_TEAM = 99T7X23463;
				GENERATE_INFOPLIST_FILE = YES;
				MARKETING_VERSION = 1.0;
				PRODUCT_BUNDLE_IDENTIFIER = "oluwakemi.onajinrin.Tic-tac-toeUITests";
				PRODUCT_NAME = "$(TARGET_NAME)";
				SWIFT_EMIT_LOC_STRINGS = NO;
				SWIFT_VERSION = 5.0;
				TARGETED_DEVICE_FAMILY = "1,2";
				TEST_TARGET_NAME = "Tic-tac-toe";
			};
			name = Release;
		};
/* End XCBuildConfiguration section */

/* Begin XCConfigurationList section */
		5E02187828351CC70067B013 /* Build configuration list for PBXProject "Tic-tac-toe" */ = {
			isa = XCConfigurationList;
			buildConfigurations = (
				5E02189F28351CCE0067B013 /* Debug */,
				5E0218A028351CCE0067B013 /* Release */,
			);
			defaultConfigurationIsVisible = 0;
			defaultConfigurationName = Release;
		};
		5E0218A128351CCE0067B013 /* Build configuration list for PBXNativeTarget "Tic-tac-toe" */ = {
			isa = XCConfigurationList;
			buildConfigurations = (
				5E0218A228351CCE0067B013 /* Debug */,
				5E0218A328351CCE0067B013 /* Release */,
			);
			defaultConfigurationIsVisible = 0;
			defaultConfigurationName = Release;
		};
		5E0218A428351CCE0067B013 /* Build configuration list for PBXNativeTarget "Tic-tac-toeTests" */ = {
			isa = XCConfigurationList;
			buildConfigurations = (
				5E0218A528351CCE0067B013 /* Debug */,
				5E0218A628351CCE0067B013 /* Release */,
			);
			defaultConfigurationIsVisible = 0;
			defaultConfigurationName = Release;
		};
		5E0218A728351CCE0067B013 /* Build configuration list for PBXNativeTarget "Tic-tac-toeUITests" */ = {
			isa = XCConfigurationList;
			buildConfigurations = (
				5E0218A828351CCE0067B013 /* Debug */,
				5E0218A928351CCE0067B013 /* Release */,
			);
			defaultConfigurationIsVisible = 0;
			defaultConfigurationName = Release;
		};
/* End XCConfigurationList section */
	};
	rootObject = 5E02187528351CC70067B013 /* Project object */;
}
